
Microsoft Visual Studio Solution File, Format Version 12.00
# Visual Studio Version 17
VisualStudioVersion = 17.8.34330.188
MinimumVisualStudioVersion = 10.0.40219.1
Project("{FAE04EC0-301F-11D3-BF4B-00C04F79EFBC}") = "LogicielAspProject", "LogicielAspProject.csproj", "{9EFBAACC-B1AD-4B21-9A0E-031874C55C4E}"
EndProject
Global
	GlobalSection(SolutionConfigurationPlatforms) = preSolution
		Debug|Any CPU = Debug|Any CPU
		Release|Any CPU = Release|Any CPU
	EndGlobalSection
	GlobalSection(ProjectConfigurationPlatforms) = postSolution
		{9EFBAACC-B1AD-4B21-9A0E-031874C55C4E}.Debug|Any CPU.ActiveCfg = Debug|Any CPU
		{9EFBAACC-B1AD-4B21-9A0E-031874C55C4E}.Debug|Any CPU.Build.0 = Debug|Any CPU
		{9EFBAACC-B1AD-4B21-9A0E-031874C55C4E}.Release|Any CPU.ActiveCfg = Release|Any CPU
		{9EFBAACC-B1AD-4B21-9A0E-031874C55C4E}.Release|Any CPU.Build.0 = Release|Any CPU
	EndGlobalSection
	GlobalSection(SolutionProperties) = preSolution
		HideSolutionNode = FALSE
	EndGlobalSection
	GlobalSection(ExtensibilityGlobals) = postSolution
		SolutionGuid = {1B67541F-3B4D-4486-A7E3-982EA7260C06}
	EndGlobalSection
EndGlobal
